// !$*UTF8*$!
{
	archiveVersion = 1;
	classes = {
	};
	objectVersion = 46;
	objects = {

/* Begin PBXBuildFile section */
		22D1B9CF0422B5BBE919FC7A /* Pods_happiness.framework in Frameworks */ = {isa = PBXBuildFile; fileRef = 1C0C5697FDE2512E75FE211B /* Pods_happiness.framework */; };
		4D894E951F0D5A3600FB135D /* AppDelegate.swift in Sources */ = {isa = PBXBuildFile; fileRef = 4D894E941F0D5A3600FB135D /* AppDelegate.swift */; };
		4D894E971F0D5A3600FB135D /* ColorSelectionViewController.swift in Sources */ = {isa = PBXBuildFile; fileRef = 4D894E961F0D5A3600FB135D /* ColorSelectionViewController.swift */; };
		4D894E9C1F0D5A3600FB135D /* Assets.xcassets in Resources */ = {isa = PBXBuildFile; fileRef = 4D894E9B1F0D5A3600FB135D /* Assets.xcassets */; };
		4D894E9F1F0D5A3600FB135D /* LaunchScreen.storyboard in Resources */ = {isa = PBXBuildFile; fileRef = 4D894E9D1F0D5A3600FB135D /* LaunchScreen.storyboard */; };
		4DA5FDA21F13214E00FAFE5C /* GoogleService-Info.plist in Resources */ = {isa = PBXBuildFile; fileRef = 4DA5FDA11F13214E00FAFE5C /* GoogleService-Info.plist */; };
		4DCE81571F0FFEAF0065B8CD /* ColorSelectionCollectionViewCell.swift in Sources */ = {isa = PBXBuildFile; fileRef = 4DCE81561F0FFEAF0065B8CD /* ColorSelectionCollectionViewCell.swift */; };
		4DFCB2C91F12B05D00F18656 /* GoogleSignInViewController.swift in Sources */ = {isa = PBXBuildFile; fileRef = 4DFCB2C81F12B05D00F18656 /* GoogleSignInViewController.swift */; };
		4DFCB2CC1F12B2E600F18656 /* Configuration.swift in Sources */ = {isa = PBXBuildFile; fileRef = 4DFCB2CB1F12B2E600F18656 /* Configuration.swift */; };
		4DFCB2CF1F12FDEB00F18656 /* HappinessSelection.swift in Sources */ = {isa = PBXBuildFile; fileRef = 4DFCB2CE1F12FDEB00F18656 /* HappinessSelection.swift */; };
/* End PBXBuildFile section */

/* Begin PBXFileReference section */
		1C0C5697FDE2512E75FE211B /* Pods_happiness.framework */ = {isa = PBXFileReference; explicitFileType = wrapper.framework; includeInIndex = 0; path = Pods_happiness.framework; sourceTree = BUILT_PRODUCTS_DIR; };
		4D894E911F0D5A3600FB135D /* happiness.app */ = {isa = PBXFileReference; explicitFileType = wrapper.application; includeInIndex = 0; path = happiness.app; sourceTree = BUILT_PRODUCTS_DIR; };
		4D894E941F0D5A3600FB135D /* AppDelegate.swift */ = {isa = PBXFileReference; lastKnownFileType = sourcecode.swift; path = AppDelegate.swift; sourceTree = "<group>"; };
		4D894E961F0D5A3600FB135D /* ColorSelectionViewController.swift */ = {isa = PBXFileReference; lastKnownFileType = sourcecode.swift; name = ColorSelectionViewController.swift; path = ../../happiness/ColorSelectionViewController.swift; sourceTree = "<group>"; };
		4D894E9B1F0D5A3600FB135D /* Assets.xcassets */ = {isa = PBXFileReference; lastKnownFileType = folder.assetcatalog; path = Assets.xcassets; sourceTree = "<group>"; };
		4D894E9E1F0D5A3600FB135D /* Base */ = {isa = PBXFileReference; lastKnownFileType = file.storyboard; name = Base; path = Base.lproj/LaunchScreen.storyboard; sourceTree = "<group>"; };
		4D894EA01F0D5A3600FB135D /* Info.plist */ = {isa = PBXFileReference; lastKnownFileType = text.plist.xml; path = Info.plist; sourceTree = "<group>"; };
		4DA5FDA11F13214E00FAFE5C /* GoogleService-Info.plist */ = {isa = PBXFileReference; fileEncoding = 4; lastKnownFileType = text.plist.xml; path = "GoogleService-Info.plist"; sourceTree = "<group>"; };
		4DCE81561F0FFEAF0065B8CD /* ColorSelectionCollectionViewCell.swift */ = {isa = PBXFileReference; fileEncoding = 4; lastKnownFileType = sourcecode.swift; name = ColorSelectionCollectionViewCell.swift; path = Happiness/ColorSelectionCollectionViewCell.swift; sourceTree = SOURCE_ROOT; };
		4DFCB2C81F12B05D00F18656 /* GoogleSignInViewController.swift */ = {isa = PBXFileReference; fileEncoding = 4; lastKnownFileType = sourcecode.swift; path = GoogleSignInViewController.swift; sourceTree = "<group>"; };
		4DFCB2CB1F12B2E600F18656 /* Configuration.swift */ = {isa = PBXFileReference; fileEncoding = 4; lastKnownFileType = sourcecode.swift; name = Configuration.swift; path = Configuration/Configuration.swift; sourceTree = SOURCE_ROOT; };
		4DFCB2CE1F12FDEB00F18656 /* HappinessSelection.swift */ = {isa = PBXFileReference; fileEncoding = 4; lastKnownFileType = sourcecode.swift; path = HappinessSelection.swift; sourceTree = "<group>"; };
		D02AC3F17755641D9A84275B /* Pods-happiness.debug.xcconfig */ = {isa = PBXFileReference; includeInIndex = 1; lastKnownFileType = text.xcconfig; name = "Pods-happiness.debug.xcconfig"; path = "Pods/Target Support Files/Pods-happiness/Pods-happiness.debug.xcconfig"; sourceTree = "<group>"; };
		E2C4B4982EC5E369BD20C2AA /* Pods-happiness.release.xcconfig */ = {isa = PBXFileReference; includeInIndex = 1; lastKnownFileType = text.xcconfig; name = "Pods-happiness.release.xcconfig"; path = "Pods/Target Support Files/Pods-happiness/Pods-happiness.release.xcconfig"; sourceTree = "<group>"; };
/* End PBXFileReference section */

/* Begin PBXFrameworksBuildPhase section */
		4D894E8E1F0D5A3600FB135D /* Frameworks */ = {
			isa = PBXFrameworksBuildPhase;
			buildActionMask = 2147483647;
			files = (
				22D1B9CF0422B5BBE919FC7A /* Pods_happiness.framework in Frameworks */,
			);
			runOnlyForDeploymentPostprocessing = 0;
		};
/* End PBXFrameworksBuildPhase section */

/* Begin PBXGroup section */
		4D894E881F0D5A3600FB135D = {
			isa = PBXGroup;
			children = (
				4DA5FDA11F13214E00FAFE5C /* GoogleService-Info.plist */,
				4D894E931F0D5A3600FB135D /* Happiness */,
				4D894E921F0D5A3600FB135D /* Products */,
				508EBD0301DC807194963124 /* Pods */,
				6D223FBD405DC1A4248FC97C /* Frameworks */,
			);
			sourceTree = "<group>";
		};
		4D894E921F0D5A3600FB135D /* Products */ = {
			isa = PBXGroup;
			children = (
				4D894E911F0D5A3600FB135D /* happiness.app */,
			);
			name = Products;
			sourceTree = "<group>";
		};
		4D894E931F0D5A3600FB135D /* Happiness */ = {
			isa = PBXGroup;
			children = (
				4DFCB2CD1F12FDBD00F18656 /* Model */,
				4DFCB2CA1F12B2CB00F18656 /* Configuration */,
				4DCE81581F103E940065B8CD /* Views */,
				4D894E941F0D5A3600FB135D /* AppDelegate.swift */,
				4D894E9B1F0D5A3600FB135D /* Assets.xcassets */,
				4D894E9D1F0D5A3600FB135D /* LaunchScreen.storyboard */,
				4D894EA01F0D5A3600FB135D /* Info.plist */,
			);
			name = Happiness;
			path = happiness;
			sourceTree = "<group>";
		};
		4DCE81581F103E940065B8CD /* Views */ = {
			isa = PBXGroup;
			children = (
				4DCE81561F0FFEAF0065B8CD /* ColorSelectionCollectionViewCell.swift */,
				4D894E961F0D5A3600FB135D /* ColorSelectionViewController.swift */,
				4DFCB2C81F12B05D00F18656 /* GoogleSignInViewController.swift */,
			);
			name = Views;
			path = ../Happiness/Views;
			sourceTree = "<group>";
		};
		4DFCB2CA1F12B2CB00F18656 /* Configuration */ = {
			isa = PBXGroup;
			children = (
				4DFCB2CB1F12B2E600F18656 /* Configuration.swift */,
			);
			name = Configuration;
			sourceTree = "<group>";
		};
		4DFCB2CD1F12FDBD00F18656 /* Model */ = {
			isa = PBXGroup;
			children = (
				4DFCB2CE1F12FDEB00F18656 /* HappinessSelection.swift */,
			);
			name = Model;
			path = ../Happiness/Model;
			sourceTree = "<group>";
		};
		508EBD0301DC807194963124 /* Pods */ = {
			isa = PBXGroup;
			children = (
				D02AC3F17755641D9A84275B /* Pods-happiness.debug.xcconfig */,
				E2C4B4982EC5E369BD20C2AA /* Pods-happiness.release.xcconfig */,
			);
			name = Pods;
			sourceTree = "<group>";
		};
		6D223FBD405DC1A4248FC97C /* Frameworks */ = {
			isa = PBXGroup;
			children = (
				1C0C5697FDE2512E75FE211B /* Pods_happiness.framework */,
			);
			name = Frameworks;
			sourceTree = "<group>";
		};
/* End PBXGroup section */

/* Begin PBXNativeTarget section */
		4D894E901F0D5A3600FB135D /* happiness */ = {
			isa = PBXNativeTarget;
			buildConfigurationList = 4D894EA31F0D5A3600FB135D /* Build configuration list for PBXNativeTarget "happiness" */;
			buildPhases = (
				BDDD7F66E613BA72D91B6D9D /* [CP] Check Pods Manifest.lock */,
				4D894E8D1F0D5A3600FB135D /* Sources */,
				4D894E8E1F0D5A3600FB135D /* Frameworks */,
				4D894E8F1F0D5A3600FB135D /* Resources */,
				230328BE7D437EFBF7877FE0 /* [CP] Embed Pods Frameworks */,
				B720FFE8AAFFC72394E1DDAE /* [CP] Copy Pods Resources */,
			);
			buildRules = (
			);
			dependencies = (
			);
			name = happiness;
			productName = happiness;
			productReference = 4D894E911F0D5A3600FB135D /* happiness.app */;
			productType = "com.apple.product-type.application";
		};
/* End PBXNativeTarget section */

/* Begin PBXProject section */
		4D894E891F0D5A3600FB135D /* Project object */ = {
			isa = PBXProject;
			attributes = {
				LastSwiftUpdateCheck = 0830;
				LastUpgradeCheck = 0830;
				ORGANIZATIONNAME = "Aliya Hassam";
				TargetAttributes = {
					4D894E901F0D5A3600FB135D = {
						CreatedOnToolsVersion = 8.3.2;
						DevelopmentTeam = 3BAQAK67MV;
						ProvisioningStyle = Automatic;
					};
				};
			};
			buildConfigurationList = 4D894E8C1F0D5A3600FB135D /* Build configuration list for PBXProject "Happiness" */;
			compatibilityVersion = "Xcode 3.2";
			developmentRegion = English;
			hasScannedForEncodings = 0;
			knownRegions = (
				en,
				Base,
			);
			mainGroup = 4D894E881F0D5A3600FB135D;
			productRefGroup = 4D894E921F0D5A3600FB135D /* Products */;
			projectDirPath = "";
			projectRoot = "";
			targets = (
				4D894E901F0D5A3600FB135D /* happiness */,
			);
		};
/* End PBXProject section */

/* Begin PBXResourcesBuildPhase section */
		4D894E8F1F0D5A3600FB135D /* Resources */ = {
			isa = PBXResourcesBuildPhase;
			buildActionMask = 2147483647;
			files = (
				4D894E9F1F0D5A3600FB135D /* LaunchScreen.storyboard in Resources */,
				4DA5FDA21F13214E00FAFE5C /* GoogleService-Info.plist in Resources */,
				4D894E9C1F0D5A3600FB135D /* Assets.xcassets in Resources */,
			);
			runOnlyForDeploymentPostprocessing = 0;
		};
/* End PBXResourcesBuildPhase section */

/* Begin PBXShellScriptBuildPhase section */
		230328BE7D437EFBF7877FE0 /* [CP] Embed Pods Frameworks */ = {
			isa = PBXShellScriptBuildPhase;
			buildActionMask = 2147483647;
			files = (
			);
			inputPaths = (
			);
			name = "[CP] Embed Pods Frameworks";
			outputPaths = (
			);
			runOnlyForDeploymentPostprocessing = 0;
			shellPath = /bin/sh;
			shellScript = "\"${SRCROOT}/Pods/Target Support Files/Pods-happiness/Pods-happiness-frameworks.sh\"\n";
			showEnvVarsInLog = 0;
		};
		B720FFE8AAFFC72394E1DDAE /* [CP] Copy Pods Resources */ = {
			isa = PBXShellScriptBuildPhase;
			buildActionMask = 2147483647;
			files = (
			);
			inputPaths = (
			);
			name = "[CP] Copy Pods Resources";
			outputPaths = (
			);
			runOnlyForDeploymentPostprocessing = 0;
			shellPath = /bin/sh;
			shellScript = "\"${SRCROOT}/Pods/Target Support Files/Pods-happiness/Pods-happiness-resources.sh\"\n";
			showEnvVarsInLog = 0;
		};
		BDDD7F66E613BA72D91B6D9D /* [CP] Check Pods Manifest.lock */ = {
			isa = PBXShellScriptBuildPhase;
			buildActionMask = 2147483647;
			files = (
			);
			inputPaths = (
			);
			name = "[CP] Check Pods Manifest.lock";
			outputPaths = (
			);
			runOnlyForDeploymentPostprocessing = 0;
			shellPath = /bin/sh;
			shellScript = "diff \"${PODS_PODFILE_DIR_PATH}/Podfile.lock\" \"${PODS_ROOT}/Manifest.lock\" > /dev/null\nif [ $? != 0 ] ; then\n    # print error to STDERR\n    echo \"error: The sandbox is not in sync with the Podfile.lock. Run 'pod install' or update your CocoaPods installation.\" >&2\n    exit 1\nfi\n";
			showEnvVarsInLog = 0;
		};
/* End PBXShellScriptBuildPhase section */

/* Begin PBXSourcesBuildPhase section */
		4D894E8D1F0D5A3600FB135D /* Sources */ = {
			isa = PBXSourcesBuildPhase;
			buildActionMask = 2147483647;
			files = (
				4DFCB2CF1F12FDEB00F18656 /* HappinessSelection.swift in Sources */,
				4DCE81571F0FFEAF0065B8CD /* ColorSelectionCollectionViewCell.swift in Sources */,
				4DFCB2CC1F12B2E600F18656 /* Configuration.swift in Sources */,
				4D894E971F0D5A3600FB135D /* ColorSelectionViewController.swift in Sources */,
				4DFCB2C91F12B05D00F18656 /* GoogleSignInViewController.swift in Sources */,
				4D894E951F0D5A3600FB135D /* AppDelegate.swift in Sources */,
			);
			runOnlyForDeploymentPostprocessing = 0;
		};
/* End PBXSourcesBuildPhase section */

/* Begin PBXVariantGroup section */
		4D894E9D1F0D5A3600FB135D /* LaunchScreen.storyboard */ = {
			isa = PBXVariantGroup;
			children = (
				4D894E9E1F0D5A3600FB135D /* Base */,
			);
			name = LaunchScreen.storyboard;
			sourceTree = "<group>";
		};
/* End PBXVariantGroup section */

/* Begin XCBuildConfiguration section */
		4D894EA11F0D5A3600FB135D /* Debug */ = {
			isa = XCBuildConfiguration;
			buildSettings = {
				ALWAYS_SEARCH_USER_PATHS = NO;
				CLANG_ANALYZER_NONNULL = YES;
				CLANG_ANALYZER_NUMBER_OBJECT_CONVERSION = YES_AGGRESSIVE;
				CLANG_CXX_LANGUAGE_STANDARD = "gnu++0x";
				CLANG_CXX_LIBRARY = "libc++";
				CLANG_ENABLE_MODULES = YES;
				CLANG_ENABLE_OBJC_ARC = YES;
				CLANG_WARN_BOOL_CONVERSION = YES;
				CLANG_WARN_CONSTANT_CONVERSION = YES;
				CLANG_WARN_DIRECT_OBJC_ISA_USAGE = YES_ERROR;
				CLANG_WARN_DOCUMENTATION_COMMENTS = YES;
				CLANG_WARN_EMPTY_BODY = YES;
				CLANG_WARN_ENUM_CONVERSION = YES;
				CLANG_WARN_INFINITE_RECURSION = YES;
				CLANG_WARN_INT_CONVERSION = YES;
				CLANG_WARN_OBJC_ROOT_CLASS = YES_ERROR;
				CLANG_WARN_SUSPICIOUS_MOVE = YES;
				CLANG_WARN_UNREACHABLE_CODE = YES;
				CLANG_WARN__DUPLICATE_METHOD_MATCH = YES;
				"CODE_SIGN_IDENTITY[sdk=iphoneos*]" = "iPhone Developer";
				COPY_PHASE_STRIP = NO;
				DEBUG_INFORMATION_FORMAT = dwarf;
				ENABLE_STRICT_OBJC_MSGSEND = YES;
				ENABLE_TESTABILITY = YES;
				GCC_C_LANGUAGE_STANDARD = gnu99;
				GCC_DYNAMIC_NO_PIC = NO;
				GCC_NO_COMMON_BLOCKS = YES;
				GCC_OPTIMIZATION_LEVEL = 0;
				GCC_PREPROCESSOR_DEFINITIONS = (
					"DEBUG=1",
					"$(inherited)",
				);
				GCC_WARN_64_TO_32_BIT_CONVERSION = YES;
				GCC_WARN_ABOUT_RETURN_TYPE = YES_ERROR;
				GCC_WARN_UNDECLARED_SELECTOR = YES;
				GCC_WARN_UNINITIALIZED_AUTOS = YES_AGGRESSIVE;
				GCC_WARN_UNUSED_FUNCTION = YES;
				GCC_WARN_UNUSED_VARIABLE = YES;
				IPHONEOS_DEPLOYMENT_TARGET = 10.3;
				MTL_ENABLE_DEBUG_INFO = YES;
				ONLY_ACTIVE_ARCH = YES;
				SDKROOT = iphoneos;
				SWIFT_ACTIVE_COMPILATION_CONDITIONS = DEBUG;
				SWIFT_OPTIMIZATION_LEVEL = "-Onone";
			};
			name = Debug;
		};
		4D894EA21F0D5A3600FB135D /* Release */ = {
			isa = XCBuildConfiguration;
			buildSettings = {
				ALWAYS_SEARCH_USER_PATHS = NO;
				CLANG_ANALYZER_NONNULL = YES;
				CLANG_ANALYZER_NUMBER_OBJECT_CONVERSION = YES_AGGRESSIVE;
				CLANG_CXX_LANGUAGE_STANDARD = "gnu++0x";
				CLANG_CXX_LIBRARY = "libc++";
				CLANG_ENABLE_MODULES = YES;
				CLANG_ENABLE_OBJC_ARC = YES;
				CLANG_WARN_BOOL_CONVERSION = YES;
				CLANG_WARN_CONSTANT_CONVERSION = YES;
				CLANG_WARN_DIRECT_OBJC_ISA_USAGE = YES_ERROR;
				CLANG_WARN_DOCUMENTATION_COMMENTS = YES;
				CLANG_WARN_EMPTY_BODY = YES;
				CLANG_WARN_ENUM_CONVERSION = YES;
				CLANG_WARN_INFINITE_RECURSION = YES;
				CLANG_WARN_INT_CONVERSION = YES;
				CLANG_WARN_OBJC_ROOT_CLASS = YES_ERROR;
				CLANG_WARN_SUSPICIOUS_MOVE = YES;
				CLANG_WARN_UNREACHABLE_CODE = YES;
				CLANG_WARN__DUPLICATE_METHOD_MATCH = YES;
				"CODE_SIGN_IDENTITY[sdk=iphoneos*]" = "iPhone Developer";
				COPY_PHASE_STRIP = NO;
				DEBUG_INFORMATION_FORMAT = "dwarf-with-dsym";
				ENABLE_NS_ASSERTIONS = NO;
				ENABLE_STRICT_OBJC_MSGSEND = YES;
				GCC_C_LANGUAGE_STANDARD = gnu99;
				GCC_NO_COMMON_BLOCKS = YES;
				GCC_WARN_64_TO_32_BIT_CONVERSION = YES;
				GCC_WARN_ABOUT_RETURN_TYPE = YES_ERROR;
				GCC_WARN_UNDECLARED_SELECTOR = YES;
				GCC_WARN_UNINITIALIZED_AUTOS = YES_AGGRESSIVE;
				GCC_WARN_UNUSED_FUNCTION = YES;
				GCC_WARN_UNUSED_VARIABLE = YES;
				IPHONEOS_DEPLOYMENT_TARGET = 10.3;
				MTL_ENABLE_DEBUG_INFO = NO;
				SDKROOT = iphoneos;
				SWIFT_OPTIMIZATION_LEVEL = "-Owholemodule";
				VALIDATE_PRODUCT = YES;
			};
			name = Release;
		};
		4D894EA41F0D5A3600FB135D /* Debug */ = {
			isa = XCBuildConfiguration;
			baseConfigurationReference = D02AC3F17755641D9A84275B /* Pods-happiness.debug.xcconfig */;
			buildSettings = {
				ASSETCATALOG_COMPILER_APPICON_NAME = AppIcon;
				DEVELOPMENT_TEAM = 3BAQAK67MV;
				INFOPLIST_FILE = happiness/Info.plist;
				LD_RUNPATH_SEARCH_PATHS = "$(inherited) @executable_path/Frameworks";
				PRODUCT_BUNDLE_IDENTIFIER = com.aliyabear.happiness;
				PRODUCT_NAME = "$(TARGET_NAME)";
				SWIFT_VERSION = 3.0;
			};
			name = Debug;
		};
		4D894EA51F0D5A3600FB135D /* Release */ = {
			isa = XCBuildConfiguration;
			baseConfigurationReference = E2C4B4982EC5E369BD20C2AA /* Pods-happiness.release.xcconfig */;
			buildSettings = {
				ASSETCATALOG_COMPILER_APPICON_NAME = AppIcon;
				DEVELOPMENT_TEAM = 3BAQAK67MV;
				INFOPLIST_FILE = happiness/Info.plist;
				LD_RUNPATH_SEARCH_PATHS = "$(inherited) @executable_path/Frameworks";
				PRODUCT_BUNDLE_IDENTIFIER = com.aliyabear.happiness;
				PRODUCT_NAME = "$(TARGET_NAME)";
				SWIFT_VERSION = 3.0;
			};
			name = Release;
		};
/* End XCBuildConfiguration section */

/* Begin XCConfigurationList section */
		4D894E8C1F0D5A3600FB135D /* Build configuration list for PBXProject "Happiness" */ = {
			isa = XCConfigurationList;
			buildConfigurations = (
				4D894EA11F0D5A3600FB135D /* Debug */,
				4D894EA21F0D5A3600FB135D /* Release */,
			);
			defaultConfigurationIsVisible = 0;
			defaultConfigurationName = Release;
		};
		4D894EA31F0D5A3600FB135D /* Build configuration list for PBXNativeTarget "happiness" */ = {
			isa = XCConfigurationList;
			buildConfigurations = (
				4D894EA41F0D5A3600FB135D /* Debug */,
				4D894EA51F0D5A3600FB135D /* Release */,
			);
			defaultConfigurationIsVisible = 0;
			defaultConfigurationName = Release;
		};
/* End XCConfigurationList section */
	};
	rootObject = 4D894E891F0D5A3600FB135D /* Project object */;
}
